
Microsoft Visual Studio Solution File, Format Version 12.00
# Visual Studio Version 17
VisualStudioVersion = 17.10.34916.146
MinimumVisualStudioVersion = 10.0.40219.1
Project("{9A19103F-16F7-4668-BE54-9A1E7A4F7556}") = "DnDCharacterStorageApp", "DnDCharacterStorageApp.csproj", "{B9D4FABE-7B76-4FEF-AC55-B847F29F31D5}"
EndProject
Global
	GlobalSection(SolutionConfigurationPlatforms) = preSolution
		Debug|Any CPU = Debug|Any CPU
		Release|Any CPU = Release|Any CPU
	EndGlobalSection
	GlobalSection(ProjectConfigurationPlatforms) = postSolution
		{B9D4FABE-7B76-4FEF-AC55-B847F29F31D5}.Debug|Any CPU.ActiveCfg = Debug|Any CPU
		{B9D4FABE-7B76-4FEF-AC55-B847F29F31D5}.Debug|Any CPU.Build.0 = Debug|Any CPU
		{B9D4FABE-7B76-4FEF-AC55-B847F29F31D5}.Release|Any CPU.ActiveCfg = Release|Any CPU
		{B9D4FABE-7B76-4FEF-AC55-B847F29F31D5}.Release|Any CPU.Build.0 = Release|Any CPU
	EndGlobalSection
	GlobalSection(SolutionProperties) = preSolution
		HideSolutionNode = FALSE
	EndGlobalSection
	GlobalSection(ExtensibilityGlobals) = postSolution
		SolutionGuid = {9B67C58B-CC16-4F26-B4D9-551D5D28EE01}
	EndGlobalSection
EndGlobal
